<Solution>
  <Project Path="ERP.API/ERP.API.csproj" />
  <Project Path="ERP.Application/ERP.Application.csproj" />
  <Project Path="ERP.Client/ERP.Client.csproj" />
  <Project Path="ERP.Domain/ERP.Domain.csproj" />
  <Project Path="ERP.Infrastructure/ERP.Infrastructure.csproj" />
  <Project Path="ERP.Tests/ERP.Tests.csproj" />
</Solution>
